
Microsoft Visual Studio Solution File, Format Version 12.00
# Visual Studio Version 16
VisualStudioVersion = 16.0.29613.14
MinimumVisualStudioVersion = 10.0.40219.1
Project("{FAE04EC0-301F-11D3-BF4B-00C04F79EFBC}") = "Calculator", "Calculator.csproj", "{6E299A8E-4084-4B23-8229-EC913AF762E3}"
EndProject
Global
	GlobalSection(SolutionConfigurationPlatforms) = preSolution
		Debug|Any CPU = Debug|Any CPU
		Release|Any CPU = Release|Any CPU
	EndGlobalSection
	GlobalSection(ProjectConfigurationPlatforms) = postSolution
		{6E299A8E-4084-4B23-8229-EC913AF762E3}.Debug|Any CPU.ActiveCfg = Debug|Any CPU
		{6E299A8E-4084-4B23-8229-EC913AF762E3}.Debug|Any CPU.Build.0 = Debug|Any CPU
		{6E299A8E-4084-4B23-8229-EC913AF762E3}.Release|Any CPU.ActiveCfg = Release|Any CPU
		{6E299A8E-4084-4B23-8229-EC913AF762E3}.Release|Any CPU.Build.0 = Release|Any CPU
	EndGlobalSection
	GlobalSection(SolutionProperties) = preSolution
		HideSolutionNode = FALSE
	EndGlobalSection
	GlobalSection(ExtensibilityGlobals) = postSolution
		SolutionGuid = {A15896D8-9A75-4D7F-9B7F-2B8BE5F3F315}
	EndGlobalSection
EndGlobal
